
Microsoft Visual Studio Solution File, Format Version 12.00
# Visual Studio Version 17
VisualStudioVersion = 17.14.36429.23
MinimumVisualStudioVersion = 10.0.40219.1
Project("{FAE04EC0-301F-11D3-BF4B-00C04F79EFBC}") = "MiPrimerServicio", "MiPrimerServicio\MiPrimerServicio.csproj", "{BC9723F5-4E1E-4379-AD1F-00053B2303DF}"
EndProject
Project("{FAE04EC0-301F-11D3-BF4B-00C04F79EFBC}") = "EjercicioFechaHoraWindows", "EjercicioFechaHoraWindows\EjercicioFechaHoraWindows.csproj", "{364D254F-6C50-48C9-B988-B851A6F556A9}"
EndProject
Global
	GlobalSection(SolutionConfigurationPlatforms) = preSolution
		Debug|Any CPU = Debug|Any CPU
		Release|Any CPU = Release|Any CPU
	EndGlobalSection
	GlobalSection(ProjectConfigurationPlatforms) = postSolution
		{BC9723F5-4E1E-4379-AD1F-00053B2303DF}.Debug|Any CPU.ActiveCfg = Debug|Any CPU
		{BC9723F5-4E1E-4379-AD1F-00053B2303DF}.Debug|Any CPU.Build.0 = Debug|Any CPU
		{BC9723F5-4E1E-4379-AD1F-00053B2303DF}.Release|Any CPU.ActiveCfg = Release|Any CPU
		{BC9723F5-4E1E-4379-AD1F-00053B2303DF}.Release|Any CPU.Build.0 = Release|Any CPU
		{364D254F-6C50-48C9-B988-B851A6F556A9}.Debug|Any CPU.ActiveCfg = Debug|Any CPU
		{364D254F-6C50-48C9-B988-B851A6F556A9}.Debug|Any CPU.Build.0 = Debug|Any CPU
		{364D254F-6C50-48C9-B988-B851A6F556A9}.Release|Any CPU.ActiveCfg = Release|Any CPU
		{364D254F-6C50-48C9-B988-B851A6F556A9}.Release|Any CPU.Build.0 = Release|Any CPU
	EndGlobalSection
	GlobalSection(SolutionProperties) = preSolution
		HideSolutionNode = FALSE
	EndGlobalSection
	GlobalSection(ExtensibilityGlobals) = postSolution
		SolutionGuid = {1F13C73F-2A36-497B-B526-D5DCF33A9CB4}
	EndGlobalSection
EndGlobal
